
Microsoft Visual Studio Solution File, Format Version 12.00
# Visual Studio Version 16
VisualStudioVersion = 16.0.31424.327
MinimumVisualStudioVersion = 10.0.40219.1
Project("{FAE04EC0-301F-11D3-BF4B-00C04F79EFBC}") = "StaffManagementSystem", "StaffManagementSystem\StaffManagementSystem.csproj", "{29A86FB2-6485-460C-9A43-8EFD85F7AD2B}"
EndProject
Global
	GlobalSection(SolutionConfigurationPlatforms) = preSolution
		Debug|Any CPU = Debug|Any CPU
		Release|Any CPU = Release|Any CPU
	EndGlobalSection
	GlobalSection(ProjectConfigurationPlatforms) = postSolution
		{29A86FB2-6485-460C-9A43-8EFD85F7AD2B}.Debug|Any CPU.ActiveCfg = Debug|Any CPU
		{29A86FB2-6485-460C-9A43-8EFD85F7AD2B}.Debug|Any CPU.Build.0 = Debug|Any CPU
		{29A86FB2-6485-460C-9A43-8EFD85F7AD2B}.Release|Any CPU.ActiveCfg = Release|Any CPU
		{29A86FB2-6485-460C-9A43-8EFD85F7AD2B}.Release|Any CPU.Build.0 = Release|Any CPU
	EndGlobalSection
	GlobalSection(SolutionProperties) = preSolution
		HideSolutionNode = FALSE
	EndGlobalSection
	GlobalSection(ExtensibilityGlobals) = postSolution
		SolutionGuid = {BA0E9EBA-467B-4FD3-94D7-FCD17F831DF1}
	EndGlobalSection
EndGlobal
